lockfileVersion: '9.0'

settings:
  autoInstallPeers: true
  excludeLinksFromLockfile: false

importers:

  .:
    dependencies:
      '@aws-lambda-powertools/batch':
        specifier: ^2.12.0
        version: 2.12.0
      '@aws-lambda-powertools/logger':
        specifier: ^2.12.0
        version: 2.12.0
      '@aws-lambda-powertools/metrics':
        specifier: ^2.12.0
        version: 2.12.0
      '@aws-lambda-powertools/parameters':
        specifier: ^2.12.0
        version: 2.12.0
      '@aws-lambda-powertools/tracer':
        specifier: ^2.12.0
        version: 2.12.0
      '@jaykingson/middyfied-lambda-handler':
        specifier: link:../../../middyfied-lambda-handler
        version: link:../../../middyfied-lambda-handler
      aws-cdk-lib:
        specifier: 2.201.0
        version: 2.201.0(constructs@10.4.2)
      constructs:
        specifier: 10.4.2
        version: 10.4.2
      middyfied-lambda-handler:
        specifier: link:../../../middyfied-lambda-handler
        version: link:../../../middyfied-lambda-handler
      zod:
        specifier: 3.25.64
        version: 3.25.64
    devDependencies:
      '@types/aws-lambda':
        specifier: 8.10.149
        version: 8.10.149
      '@types/node':
        specifier: ^20.11.2
        version: 20.19.0
      aws-cdk:
        specifier: 2.1018.1
        version: 2.1018.1
      cdk-nag:
        specifier: 2.36.18
        version: 2.36.18(aws-cdk-lib@2.201.0(constructs@10.4.2))(constructs@10.4.2)
      esbuild:
        specifier: 0.25.5
        version: 0.25.5
      tsx:
        specifier: 4.20.3
        version: 4.20.3
      typescript:
        specifier: 5.8.3
        version: 5.8.3

packages:

  '@aws-cdk/asset-awscli-v1@2.2.237':
    resolution: {integrity: sha512-OlXylbXI52lboFVJBFLae+WB99qWmI121x/wXQHEMj2RaVNVbWE+OAHcDk2Um1BitUQCaTf9ki57B0Fuqx0Rvw==}

  '@aws-cdk/asset-node-proxy-agent-v6@2.1.0':
    resolution: {integrity: sha512-7bY3J8GCVxLupn/kNmpPc5VJz8grx+4RKfnnJiO1LG+uxkZfANZG3RMHhE+qQxxwkyQ9/MfPtTpf748UhR425A==}

  '@aws-cdk/cloud-assembly-schema@44.5.0':
    resolution: {integrity: sha512-/dk9YtqF+BnBS6k4m7YWIp7Pd80m7jdjT8ED8gb3Rd9hAuAEUoJubO0M3EOlLFmknIesQNm95LYU6vt/MIQhWg==}
    engines: {node: '>= 18.0.0'}
    bundledDependencies:
      - jsonschema
      - semver

  '@aws-lambda-powertools/batch@2.12.0':
    resolution: {integrity: sha512-Fe1wZ1olz3En3sRxXFvTxY+GE02x5PYcfIbDjhiXRUdog3M0QCn0sOsXG54iU1yPYCnZ6LBQzM+0bfUuK4iR1g==}

  '@aws-lambda-powertools/commons@2.12.0':
    resolution: {integrity: sha512-DCrnMzI6oilGO9qY47DraS2SL5QOeofiB/U0PT4ygko2mgyF7Zxxg62nIYi6uqLxlVt9fRrBth1MPtOFO1wqzg==}

  '@aws-lambda-powertools/logger@2.12.0':
    resolution: {integrity: sha512-dmIwkF8GeS45A/KR6bHrODJnfFwwoi1o5P22DaoyRy5Ty/wzEDHR0LJQJnFkc7iuzxCn8Mb0bpuZbwOaHuvo7w==}
    peerDependencies:
      '@middy/core': 4.x || 5.x || 6.x
    peerDependenciesMeta:
      '@middy/core':
        optional: true

  '@aws-lambda-powertools/metrics@2.12.0':
    resolution: {integrity: sha512-cfGuwxd0WkwDHiqxZ/9ljwe4TNAP+0hWPvqTcBSh2rOSetnU2x1BaY8YfzfZP/3sqQ3r/ArGeDeYnJuxk62qwQ==}
    peerDependencies:
      '@middy/core': 4.x || 5.x || 6.x
    peerDependenciesMeta:
      '@middy/core':
        optional: true

  '@aws-lambda-powertools/parameters@2.12.0':
    resolution: {integrity: sha512-mnzZxuyiqBcVevqn4dc6uh8UNaRn6d/VikYltXF301I1sOv7S1oYOJAe4ptKE8G80BrEHUNp+jJCvTdIziYBzw==}
    peerDependencies:
      '@aws-sdk/client-appconfigdata': '>=3.x'
      '@aws-sdk/client-dynamodb': '>=3.x'
      '@aws-sdk/client-secrets-manager': '>=3.x'
      '@aws-sdk/client-ssm': '>=3.x'
      '@aws-sdk/util-dynamodb': '>=3.x'
      '@middy/core': 4.x || 5.x || 6.x
    peerDependenciesMeta:
      '@aws-sdk/client-appconfigdata':
        optional: true
      '@aws-sdk/client-dynamodb':
        optional: true
      '@aws-sdk/client-secrets-manager':
        optional: true
      '@aws-sdk/client-ssm':
        optional: true
      '@aws-sdk/util-dynamodb':
        optional: true
      '@middy/core':
        optional: true

  '@aws-lambda-powertools/tracer@2.12.0':
    resolution: {integrity: sha512-uiPC0QmyE2BHUhO/23YXm2ngCN8SeibHlgkpvLaiM274lnasRmxF1DymbOk58rij78s7Sto2Hgvcs7iJfr5i8A==}
    peerDependencies:
      '@middy/core': 4.x || 5.x || 6.x
    peerDependenciesMeta:
      '@middy/core':
        optional: true

  '@aws-sdk/types@3.723.0':
    resolution: {integrity: sha512-LmK3kwiMZG1y5g3LGihT9mNkeNOmwEyPk6HGcJqh0wOSV4QpWoKu2epyKE4MLQNUUlz2kOVbVbOrwmI6ZcteuA==}
    engines: {node: '>=18.0.0'}

  '@esbuild/aix-ppc64@0.25.5':
    resolution: {integrity: sha512-9o3TMmpmftaCMepOdA5k/yDw8SfInyzWWTjYTFCX3kPSDJMROQTb8jg+h9Cnwnmm1vOzvxN7gIfB5V2ewpjtGA==}
    engines: {node: '>=18'}
    cpu: [ppc64]
    os: [aix]

  '@esbuild/android-arm64@0.25.5':
    resolution: {integrity: sha512-VGzGhj4lJO+TVGV1v8ntCZWJktV7SGCs3Pn1GRWI1SBFtRALoomm8k5E9Pmwg3HOAal2VDc2F9+PM/rEY6oIDg==}
    engines: {node: '>=18'}
    cpu: [arm64]
    os: [android]

  '@esbuild/android-arm@0.25.5':
    resolution: {integrity: sha512-AdJKSPeEHgi7/ZhuIPtcQKr5RQdo6OO2IL87JkianiMYMPbCtot9fxPbrMiBADOWWm3T2si9stAiVsGbTQFkbA==}
    engines: {node: '>=18'}
    cpu: [arm]
    os: [android]

  '@esbuild/android-x64@0.25.5':
    resolution: {integrity: sha512-D2GyJT1kjvO//drbRT3Hib9XPwQeWd9vZoBJn+bu/lVsOZ13cqNdDeqIF/xQ5/VmWvMduP6AmXvylO/PIc2isw==}
    engines: {node: '>=18'}
    cpu: [x64]
    os: [android]

  '@esbuild/darwin-arm64@0.25.5':
    resolution: {integrity: sha512-GtaBgammVvdF7aPIgH2jxMDdivezgFu6iKpmT+48+F8Hhg5J/sfnDieg0aeG/jfSvkYQU2/pceFPDKlqZzwnfQ==}
    engines: {node: '>=18'}
    cpu: [arm64]
    os: [darwin]

  '@esbuild/darwin-x64@0.25.5':
    resolution: {integrity: sha512-1iT4FVL0dJ76/q1wd7XDsXrSW+oLoquptvh4CLR4kITDtqi2e/xwXwdCVH8hVHU43wgJdsq7Gxuzcs6Iq/7bxQ==}
    engines: {node: '>=18'}
    cpu: [x64]
    os: [darwin]

  '@esbuild/freebsd-arm64@0.25.5':
    resolution: {integrity: sha512-nk4tGP3JThz4La38Uy/gzyXtpkPW8zSAmoUhK9xKKXdBCzKODMc2adkB2+8om9BDYugz+uGV7sLmpTYzvmz6Sw==}
    engines: {node: '>=18'}
    cpu: [arm64]
    os: [freebsd]

  '@esbuild/freebsd-x64@0.25.5':
    resolution: {integrity: sha512-PrikaNjiXdR2laW6OIjlbeuCPrPaAl0IwPIaRv+SMV8CiM8i2LqVUHFC1+8eORgWyY7yhQY+2U2fA55mBzReaw==}
    engines: {node: '>=18'}
    cpu: [x64]
    os: [freebsd]

  '@esbuild/linux-arm64@0.25.5':
    resolution: {integrity: sha512-Z9kfb1v6ZlGbWj8EJk9T6czVEjjq2ntSYLY2cw6pAZl4oKtfgQuS4HOq41M/BcoLPzrUbNd+R4BXFyH//nHxVg==}
    engines: {node: '>=18'}
    cpu: [arm64]
    os: [linux]

  '@esbuild/linux-arm@0.25.5':
    resolution: {integrity: sha512-cPzojwW2okgh7ZlRpcBEtsX7WBuqbLrNXqLU89GxWbNt6uIg78ET82qifUy3W6OVww6ZWobWub5oqZOVtwolfw==}
    engines: {node: '>=18'}
    cpu: [arm]
    os: [linux]

  '@esbuild/linux-ia32@0.25.5':
    resolution: {integrity: sha512-sQ7l00M8bSv36GLV95BVAdhJ2QsIbCuCjh/uYrWiMQSUuV+LpXwIqhgJDcvMTj+VsQmqAHL2yYaasENvJ7CDKA==}
    engines: {node: '>=18'}
    cpu: [ia32]
    os: [linux]

  '@esbuild/linux-loong64@0.25.5':
    resolution: {integrity: sha512-0ur7ae16hDUC4OL5iEnDb0tZHDxYmuQyhKhsPBV8f99f6Z9KQM02g33f93rNH5A30agMS46u2HP6qTdEt6Q1kg==}
    engines: {node: '>=18'}
    cpu: [loong64]
    os: [linux]

  '@esbuild/linux-mips64el@0.25.5':
    resolution: {integrity: sha512-kB/66P1OsHO5zLz0i6X0RxlQ+3cu0mkxS3TKFvkb5lin6uwZ/ttOkP3Z8lfR9mJOBk14ZwZ9182SIIWFGNmqmg==}
    engines: {node: '>=18'}
    cpu: [mips64el]
    os: [linux]

  '@esbuild/linux-ppc64@0.25.5':
    resolution: {integrity: sha512-UZCmJ7r9X2fe2D6jBmkLBMQetXPXIsZjQJCjgwpVDz+YMcS6oFR27alkgGv3Oqkv07bxdvw7fyB71/olceJhkQ==}
    engines: {node: '>=18'}
    cpu: [ppc64]
    os: [linux]

  '@esbuild/linux-riscv64@0.25.5':
    resolution: {integrity: sha512-kTxwu4mLyeOlsVIFPfQo+fQJAV9mh24xL+y+Bm6ej067sYANjyEw1dNHmvoqxJUCMnkBdKpvOn0Ahql6+4VyeA==}
    engines: {node: '>=18'}
    cpu: [riscv64]
    os: [linux]

  '@esbuild/linux-s390x@0.25.5':
    resolution: {integrity: sha512-K2dSKTKfmdh78uJ3NcWFiqyRrimfdinS5ErLSn3vluHNeHVnBAFWC8a4X5N+7FgVE1EjXS1QDZbpqZBjfrqMTQ==}
    engines: {node: '>=18'}
    cpu: [s390x]
    os: [linux]

  '@esbuild/linux-x64@0.25.5':
    resolution: {integrity: sha512-uhj8N2obKTE6pSZ+aMUbqq+1nXxNjZIIjCjGLfsWvVpy7gKCOL6rsY1MhRh9zLtUtAI7vpgLMK6DxjO8Qm9lJw==}
    engines: {node: '>=18'}
    cpu: [x64]
    os: [linux]

  '@esbuild/netbsd-arm64@0.25.5':
    resolution: {integrity: sha512-pwHtMP9viAy1oHPvgxtOv+OkduK5ugofNTVDilIzBLpoWAM16r7b/mxBvfpuQDpRQFMfuVr5aLcn4yveGvBZvw==}
    engines: {node: '>=18'}
    cpu: [arm64]
    os: [netbsd]

  '@esbuild/netbsd-x64@0.25.5':
    resolution: {integrity: sha512-WOb5fKrvVTRMfWFNCroYWWklbnXH0Q5rZppjq0vQIdlsQKuw6mdSihwSo4RV/YdQ5UCKKvBy7/0ZZYLBZKIbwQ==}
    engines: {node: '>=18'}
    cpu: [x64]
    os: [netbsd]

  '@esbuild/openbsd-arm64@0.25.5':
    resolution: {integrity: sha512-7A208+uQKgTxHd0G0uqZO8UjK2R0DDb4fDmERtARjSHWxqMTye4Erz4zZafx7Di9Cv+lNHYuncAkiGFySoD+Mw==}
    engines: {node: '>=18'}
    cpu: [arm64]
    os: [openbsd]

  '@esbuild/openbsd-x64@0.25.5':
    resolution: {integrity: sha512-G4hE405ErTWraiZ8UiSoesH8DaCsMm0Cay4fsFWOOUcz8b8rC6uCvnagr+gnioEjWn0wC+o1/TAHt+It+MpIMg==}
    engines: {node: '>=18'}
    cpu: [x64]
    os: [openbsd]

  '@esbuild/sunos-x64@0.25.5':
    resolution: {integrity: sha512-l+azKShMy7FxzY0Rj4RCt5VD/q8mG/e+mDivgspo+yL8zW7qEwctQ6YqKX34DTEleFAvCIUviCFX1SDZRSyMQA==}
    engines: {node: '>=18'}
    cpu: [x64]
    os: [sunos]

  '@esbuild/win32-arm64@0.25.5':
    resolution: {integrity: sha512-O2S7SNZzdcFG7eFKgvwUEZ2VG9D/sn/eIiz8XRZ1Q/DO5a3s76Xv0mdBzVM5j5R639lXQmPmSo0iRpHqUUrsxw==}
    engines: {node: '>=18'}
    cpu: [arm64]
    os: [win32]

  '@esbuild/win32-ia32@0.25.5':
    resolution: {integrity: sha512-onOJ02pqs9h1iMJ1PQphR+VZv8qBMQ77Klcsqv9CNW2w6yLqoURLcgERAIurY6QE63bbLuqgP9ATqajFLK5AMQ==}
    engines: {node: '>=18'}
    cpu: [ia32]
    os: [win32]

  '@esbuild/win32-x64@0.25.5':
    resolution: {integrity: sha512-TXv6YnJ8ZMVdX+SXWVBo/0p8LTcrUYngpWjvm91TMjjBQii7Oz11Lw5lbDV5Y0TzuhSJHwiH4hEtC1I42mMS0g==}
    engines: {node: '>=18'}
    cpu: [x64]
    os: [win32]

  '@smithy/service-error-classification@2.1.5':
    resolution: {integrity: sha512-uBDTIBBEdAQryvHdc5W8sS5YX7RQzF683XrHePVdFmAgKiMofU15FLSM0/HU03hKTnazdNRFa0YHS7+ArwoUSQ==}
    engines: {node: '>=14.0.0'}

  '@smithy/types@2.12.0':
    resolution: {integrity: sha512-QwYgloJ0sVNBeBuBs65cIkTbfzV/Q6ZNPCJ99EICFEdJYG50nGIY/uYXp+TbsdJReIuPr0a0kXmCvren3MbRRw==}
    engines: {node: '>=14.0.0'}

  '@smithy/types@4.1.0':
    resolution: {integrity: sha512-enhjdwp4D7CXmwLtD6zbcDMbo6/T6WtuuKCY49Xxc6OMOmUWlBEBDREsxxgV2LIdeQPW756+f97GzcgAwp3iLw==}
    engines: {node: '>=18.0.0'}

  '@types/aws-lambda@8.10.149':
    resolution: {integrity: sha512-NXSZIhfJjnXqJgtS7IwutqIF/SOy1Wz5Px4gUY1RWITp3AYTyuJS4xaXr/bIJY1v15XMzrJ5soGnPM+7uigZjA==}

  '@types/cls-hooked@4.3.9':
    resolution: {integrity: sha512-CMtHMz6Q/dkfcHarq9nioXH8BDPP+v5xvd+N90lBQ2bdmu06UvnLDqxTKoOJzz4SzIwb/x9i4UXGAAcnUDuIvg==}

  '@types/node@20.19.0':
    resolution: {integrity: sha512-hfrc+1tud1xcdVTABC2JiomZJEklMcXYNTVtZLAeqTVWD+qL5jkHKT+1lOtqDdGxt+mB53DTtiz673vfjU8D1Q==}

  async-hook-jl@1.7.6:
    resolution: {integrity: sha512-gFaHkFfSxTjvoxDMYqDuGHlcRyUuamF8s+ZTtJdDzqjws4mCt7v0vuV79/E2Wr2/riMQgtG4/yUtXWs1gZ7JMg==}
    engines: {node: ^4.7 || >=6.9 || >=7.3}

  atomic-batcher@1.0.2:
    resolution: {integrity: sha512-EFGCRj4kLX1dHv1cDzTk+xbjBFj1GnJDpui52YmEcxxHHEWjYyT6l51U7n6WQ28osZH4S9gSybxe56Vm7vB61Q==}

  aws-cdk-lib@2.201.0:
    resolution: {integrity: sha512-0ioqzM5dkJl02uchOfgeCY3thV3jTn9YkyZ/UF5P4Hq9iNGHQqmPu5xE/VcAV7+P72Z/zV+QLV0xkVT6iLF/bw==}
    engines: {node: '>= 14.15.0'}
    peerDependencies:
      constructs: ^10.0.0
    bundledDependencies:
      - '@balena/dockerignore'
      - case
      - fs-extra
      - ignore
      - jsonschema
      - minimatch
      - punycode
      - semver
      - table
      - yaml
      - mime-types

  aws-cdk@2.1018.1:
    resolution: {integrity: sha512-kFPRox5kSm+ktJ451o0ng9rD+60p5Kt1CZIWw8kXnvqbsxN2xv6qbmyWSXw7sGVXVwqrRKVj+71/JeDr+LMAZw==}
    engines: {node: '>= 18.0.0'}
    hasBin: true

  aws-xray-sdk-core@3.10.2:
    resolution: {integrity: sha512-hAFEB+Stqm4FoQmIuyw5AzGVJh3BSfvLjK7IK4YYRXXLt1Oq9KS6pv2samYgRTTTXsxhmVpDjiYF3Xo/gfXIXA==}
    engines: {node: '>= 14.x'}

  cdk-nag@2.36.18:
    resolution: {integrity: sha512-Z0SYxaIekh2ymujJ471rRmzrCWmrvTqfS7bRjFXQ1xvAkku+3qeYVv5Xhef8IshPPe3b9R6knW7mIl0CfhFguA==}
    peerDependencies:
      aws-cdk-lib: ^2.156.0
      constructs: ^10.0.5

  cls-hooked@4.2.2:
    resolution: {integrity: sha512-J4Xj5f5wq/4jAvcdgoGsL3G103BtWpZrMo8NEinRltN+xpTZdI+M38pyQqhuFU/P792xkMFvnKSf+Lm81U1bxw==}
    engines: {node: ^4.7 || >=6.9 || >=7.3 || >=8.2.1}

  constructs@10.4.2:
    resolution: {integrity: sha512-wsNxBlAott2qg8Zv87q3eYZYgheb9lchtBfjHzzLHtXbttwSrHPs1NNQbBrmbb1YZvYg2+Vh0Dor76w4mFxJkA==}

  emitter-listener@1.1.2:
    resolution: {integrity: sha512-Bt1sBAGFHY9DKY+4/2cV6izcKJUf5T7/gkdmkxzX/qv9CcGH8xSwVRW5mtX03SWJtRTWSOpzCuWN9rBFYZepZQ==}

  esbuild@0.25.5:
    resolution: {integrity: sha512-P8OtKZRv/5J5hhz0cUAdu/cLuPIKXpQl1R9pZtvmHWQvrAUVd0UNIPT4IB4W3rNOqVO0rlqHmCIbSwxh/c9yUQ==}
    engines: {node: '>=18'}
    hasBin: true

  fsevents@2.3.2:
    resolution: {integrity: sha512-xiqMQR4xAeHTuB9uWm+fFRcIOgKBMiOBP+eXiyT7jsgVCq1bkVygt00oASowB7EdtpOHaaPgKt812P9ab+DDKA==}
    engines: {node: ^8.16.0 || ^10.6.0 || >=11.0.0}
    os: [darwin]

  fsevents@2.3.3:
    resolution: {integrity: sha512-5xoDfX+fL7faATnagmWPpbFtwh/R77WmMMqqHGS65C3vvB0YHrgF+B1YmZ3441tMj5n63k0212XNoJwzlhffQw==}
    engines: {node: ^8.16.0 || ^10.6.0 || >=11.0.0}
    os: [darwin]

  get-tsconfig@4.8.1:
    resolution: {integrity: sha512-k9PN+cFBmaLWtVz29SkUoqU5O0slLuHJXt/2P+tMVFT+phsSGXGkp9t3rQIqdz0e+06EHNGs3oM6ZX1s2zHxRg==}

  lodash.merge@4.6.2:
    resolution: {integrity: sha512-0KpjqXRVvrYyCsX1swR/XTK0va6VQkQM6MNo7PqW77ByjAhoARA8EfrP1N4+KlKj8YS0ZUCtRT/YUuhyYDujIQ==}

  resolve-pkg-maps@1.0.0:
    resolution: {integrity: sha512-seS2Tj26TBVOC2NIc2rOe2y2ZO7efxITtLZcGSOnHHNOQ7CkiUBfw0Iw2ck6xkIhPwLhKNLS8BO+hEpngQlqzw==}

  semver@5.7.2:
    resolution: {integrity: sha512-cBznnQ9KjJqU67B52RMC65CMarK2600WFnbkcaiwWq3xy/5haFJlshgnpjovMVJ+Hff49d8GEn0b87C5pDQ10g==}
    hasBin: true

  semver@7.6.3:
    resolution: {integrity: sha512-oVekP1cKtI+CTDvHWYFUcMtsK/00wmAEfyqKfNdARm8u1wNVhSgaX7A8d4UuIlUI5e84iEwOhs7ZPYRmzU9U6A==}
    engines: {node: '>=10'}
    hasBin: true

  shimmer@1.2.1:
    resolution: {integrity: sha512-sQTKC1Re/rM6XyFM6fIAGHRPVGvyXfgzIDvzoq608vM+jeyVD0Tu1E6Np0Kc2zAIFWIj963V2800iF/9LPieQw==}

  stack-chain@1.3.7:
    resolution: {integrity: sha512-D8cWtWVdIe/jBA7v5p5Hwl5yOSOrmZPWDPe2KxQ5UAGD+nxbxU0lKXA4h85Ta6+qgdKVL3vUxsbIZjc1kBG7ug==}

  tslib@2.8.1:
    resolution: {integrity: sha512-oJFu94HQb+KVduSUQL7wnpmqnfmLsOA/nAh6b6EH0wCEoK0/mPeXU6c3wKDV83MkOuHPRHtSXKKU99IBazS/2w==}

  tsx@4.20.3:
    resolution: {integrity: sha512-qjbnuR9Tr+FJOMBqJCW5ehvIo/buZq7vH7qD7JziU98h6l3qGy0a/yPFjwO+y0/T7GFpNgNAvEcPPVfyT8rrPQ==}
    engines: {node: '>=18.0.0'}
    hasBin: true

  typescript@5.8.3:
    resolution: {integrity: sha512-p1diW6TqL9L07nNxvRMM7hMMw4c5XOo/1ibL4aAIGmSAt9slTE1Xgw5KWuof2uTOvCg9BY7ZRi+GaF+7sfgPeQ==}
    engines: {node: '>=14.17'}
    hasBin: true

  undici-types@6.21.0:
    resolution: {integrity: sha512-iwDZqg0QAGrg9Rav5H4n0M64c3mkR59cJ6wQp+7C4nI0gsmExaedaYLNO44eT4AtBBwjbTiGPMlt2Md0T9H9JQ==}

  zod@3.25.64:
    resolution: {integrity: sha512-hbP9FpSZf7pkS7hRVUrOjhwKJNyampPgtXKc3AN6DsWtoHsg2Sb4SQaS4Tcay380zSwd2VPo9G9180emBACp5g==}

snapshots:

  '@aws-cdk/asset-awscli-v1@2.2.237': {}

  '@aws-cdk/asset-node-proxy-agent-v6@2.1.0': {}

  '@aws-cdk/cloud-assembly-schema@44.5.0': {}

  '@aws-lambda-powertools/batch@2.12.0': {}

  '@aws-lambda-powertools/commons@2.12.0': {}

  '@aws-lambda-powertools/logger@2.12.0':
    dependencies:
      '@aws-lambda-powertools/commons': 2.12.0
      lodash.merge: 4.6.2

  '@aws-lambda-powertools/metrics@2.12.0':
    dependencies:
      '@aws-lambda-powertools/commons': 2.12.0

  '@aws-lambda-powertools/parameters@2.12.0':
    dependencies:
      '@aws-lambda-powertools/commons': 2.12.0

  '@aws-lambda-powertools/tracer@2.12.0':
    dependencies:
      '@aws-lambda-powertools/commons': 2.12.0
      aws-xray-sdk-core: 3.10.2

  '@aws-sdk/types@3.723.0':
    dependencies:
      '@smithy/types': 4.1.0
      tslib: 2.8.1

  '@esbuild/aix-ppc64@0.25.5':
    optional: true

  '@esbuild/android-arm64@0.25.5':
    optional: true

  '@esbuild/android-arm@0.25.5':
    optional: true

  '@esbuild/android-x64@0.25.5':
    optional: true

  '@esbuild/darwin-arm64@0.25.5':
    optional: true

  '@esbuild/darwin-x64@0.25.5':
    optional: true

  '@esbuild/freebsd-arm64@0.25.5':
    optional: true

  '@esbuild/freebsd-x64@0.25.5':
    optional: true

  '@esbuild/linux-arm64@0.25.5':
    optional: true

  '@esbuild/linux-arm@0.25.5':
    optional: true

  '@esbuild/linux-ia32@0.25.5':
    optional: true

  '@esbuild/linux-loong64@0.25.5':
    optional: true

  '@esbuild/linux-mips64el@0.25.5':
    optional: true

  '@esbuild/linux-ppc64@0.25.5':
    optional: true

  '@esbuild/linux-riscv64@0.25.5':
    optional: true

  '@esbuild/linux-s390x@0.25.5':
    optional: true

  '@esbuild/linux-x64@0.25.5':
    optional: true

  '@esbuild/netbsd-arm64@0.25.5':
    optional: true

  '@esbuild/netbsd-x64@0.25.5':
    optional: true

  '@esbuild/openbsd-arm64@0.25.5':
    optional: true

  '@esbuild/openbsd-x64@0.25.5':
    optional: true

  '@esbuild/sunos-x64@0.25.5':
    optional: true

  '@esbuild/win32-arm64@0.25.5':
    optional: true

  '@esbuild/win32-ia32@0.25.5':
    optional: true

  '@esbuild/win32-x64@0.25.5':
    optional: true

  '@smithy/service-error-classification@2.1.5':
    dependencies:
      '@smithy/types': 2.12.0

  '@smithy/types@2.12.0':
    dependencies:
      tslib: 2.8.1

  '@smithy/types@4.1.0':
    dependencies:
      tslib: 2.8.1

  '@types/aws-lambda@8.10.149': {}

  '@types/cls-hooked@4.3.9':
    dependencies:
      '@types/node': 20.19.0

  '@types/node@20.19.0':
    dependencies:
      undici-types: 6.21.0

  async-hook-jl@1.7.6:
    dependencies:
      stack-chain: 1.3.7

  atomic-batcher@1.0.2: {}

  aws-cdk-lib@2.201.0(constructs@10.4.2):
    dependencies:
      '@aws-cdk/asset-awscli-v1': 2.2.237
      '@aws-cdk/asset-node-proxy-agent-v6': 2.1.0
      '@aws-cdk/cloud-assembly-schema': 44.5.0
      constructs: 10.4.2

  aws-cdk@2.1018.1:
    optionalDependencies:
      fsevents: 2.3.2

  aws-xray-sdk-core@3.10.2:
    dependencies:
      '@aws-sdk/types': 3.723.0
      '@smithy/service-error-classification': 2.1.5
      '@types/cls-hooked': 4.3.9
      atomic-batcher: 1.0.2
      cls-hooked: 4.2.2
      semver: 7.6.3

  cdk-nag@2.36.18(aws-cdk-lib@2.201.0(constructs@10.4.2))(constructs@10.4.2):
    dependencies:
      aws-cdk-lib: 2.201.0(constructs@10.4.2)
      constructs: 10.4.2

  cls-hooked@4.2.2:
    dependencies:
      async-hook-jl: 1.7.6
      emitter-listener: 1.1.2
      semver: 5.7.2

  constructs@10.4.2: {}

  emitter-listener@1.1.2:
    dependencies:
      shimmer: 1.2.1

  esbuild@0.25.5:
    optionalDependencies:
      '@esbuild/aix-ppc64': 0.25.5
      '@esbuild/android-arm': 0.25.5
      '@esbuild/android-arm64': 0.25.5
      '@esbuild/android-x64': 0.25.5
      '@esbuild/darwin-arm64': 0.25.5
      '@esbuild/darwin-x64': 0.25.5
      '@esbuild/freebsd-arm64': 0.25.5
      '@esbuild/freebsd-x64': 0.25.5
      '@esbuild/linux-arm': 0.25.5
      '@esbuild/linux-arm64': 0.25.5
      '@esbuild/linux-ia32': 0.25.5
      '@esbuild/linux-loong64': 0.25.5
      '@esbuild/linux-mips64el': 0.25.5
      '@esbuild/linux-ppc64': 0.25.5
      '@esbuild/linux-riscv64': 0.25.5
      '@esbuild/linux-s390x': 0.25.5
      '@esbuild/linux-x64': 0.25.5
      '@esbuild/netbsd-arm64': 0.25.5
      '@esbuild/netbsd-x64': 0.25.5
      '@esbuild/openbsd-arm64': 0.25.5
      '@esbuild/openbsd-x64': 0.25.5
      '@esbuild/sunos-x64': 0.25.5
      '@esbuild/win32-arm64': 0.25.5
      '@esbuild/win32-ia32': 0.25.5
      '@esbuild/win32-x64': 0.25.5

  fsevents@2.3.2:
    optional: true

  fsevents@2.3.3:
    optional: true

  get-tsconfig@4.8.1:
    dependencies:
      resolve-pkg-maps: 1.0.0

  lodash.merge@4.6.2: {}

  resolve-pkg-maps@1.0.0: {}

  semver@5.7.2: {}

  semver@7.6.3: {}

  shimmer@1.2.1: {}

  stack-chain@1.3.7: {}

  tslib@2.8.1: {}

  tsx@4.20.3:
    dependencies:
      esbuild: 0.25.5
      get-tsconfig: 4.8.1
    optionalDependencies:
      fsevents: 2.3.3

  typescript@5.8.3: {}

  undici-types@6.21.0: {}

  zod@3.25.64: {}
